
Microsoft Visual Studio Solution File, Format Version 12.00
# Visual Studio 14
VisualStudioVersion = 14.0.25420.1
MinimumVisualStudioVersion = 10.0.40219.1
Project("{FAE04EC0-301F-11D3-BF4B-00C04F79EFBC}") = "WTR", "WTR\WTR.csproj", "{ED1E6435-DD63-4D6E-9CF3-FCAC8E7507DA}"
EndProject
Project("{FAE04EC0-301F-11D3-BF4B-00C04F79EFBC}") = "Model", "Model\Model.csproj", "{D40E9ABE-5D71-424E-B4D0-DCEC72D7E766}"
EndProject
Global
	GlobalSection(SolutionConfigurationPlatforms) = preSolution
		Debug|Any CPU = Debug|Any CPU
		Release|Any CPU = Release|Any CPU
	EndGlobalSection
	GlobalSection(ProjectConfigurationPlatforms) = postSolution
		{ED1E6435-DD63-4D6E-9CF3-FCAC8E7507DA}.Debug|Any CPU.ActiveCfg = Debug|Any CPU
		{ED1E6435-DD63-4D6E-9CF3-FCAC8E7507DA}.Debug|Any CPU.Build.0 = Debug|Any CPU
		{ED1E6435-DD63-4D6E-9CF3-FCAC8E7507DA}.Release|Any CPU.ActiveCfg = Release|Any CPU
		{ED1E6435-DD63-4D6E-9CF3-FCAC8E7507DA}.Release|Any CPU.Build.0 = Release|Any CPU
		{D40E9ABE-5D71-424E-B4D0-DCEC72D7E766}.Debug|Any CPU.ActiveCfg = Debug|Any CPU
		{D40E9ABE-5D71-424E-B4D0-DCEC72D7E766}.Debug|Any CPU.Build.0 = Debug|Any CPU
		{D40E9ABE-5D71-424E-B4D0-DCEC72D7E766}.Release|Any CPU.ActiveCfg = Release|Any CPU
		{D40E9ABE-5D71-424E-B4D0-DCEC72D7E766}.Release|Any CPU.Build.0 = Release|Any CPU
	EndGlobalSection
	GlobalSection(SolutionProperties) = preSolution
		HideSolutionNode = FALSE
	EndGlobalSection
EndGlobal
